// !$*UTF8*$!
{
	archiveVersion = 1;
	classes = {
	};
	objectVersion = 55;
	objects = {

/* Begin PBXBuildFile section */
		802F0BFE27182F3A006D8377 /* FactsView.swift in Sources */ = {isa = PBXBuildFile; fileRef = 802F0BFD27182F3A006D8377 /* FactsView.swift */; };
		802F0C0027184D41006D8377 /* FactModel.swift in Sources */ = {isa = PBXBuildFile; fileRef = 802F0BFF27184D41006D8377 /* FactModel.swift */; };
		802F0C0227184DEF006D8377 /* FactData.swift in Sources */ = {isa = PBXBuildFile; fileRef = 802F0C0127184DEF006D8377 /* FactData.swift */; };
		802F0C042718618E006D8377 /* RecipeModel.swift in Sources */ = {isa = PBXBuildFile; fileRef = 802F0C032718618E006D8377 /* RecipeModel.swift */; };
		802F0C0627186237006D8377 /* RecipeData.swift in Sources */ = {isa = PBXBuildFile; fileRef = 802F0C0527186237006D8377 /* RecipeData.swift */; };
		802F0C08271862AF006D8377 /* RecipeCardView.swift in Sources */ = {isa = PBXBuildFile; fileRef = 802F0C07271862AF006D8377 /* RecipeCardView.swift */; };
		803699D6271813C5007625C6 /* DishesView.swift in Sources */ = {isa = PBXBuildFile; fileRef = 803699D5271813C5007625C6 /* DishesView.swift */; };
		803A3EF027057DD1002B8056 /* AvocadosView.swift in Sources */ = {isa = PBXBuildFile; fileRef = 803A3EEF27057DD1002B8056 /* AvocadosView.swift */; };
		803A3EF227057E00002B8056 /* RipeningStagesView.swift in Sources */ = {isa = PBXBuildFile; fileRef = 803A3EF127057E00002B8056 /* RipeningStagesView.swift */; };
		803A3EF427057E28002B8056 /* SettingsView.swift in Sources */ = {isa = PBXBuildFile; fileRef = 803A3EF327057E28002B8056 /* SettingsView.swift */; };
		803A3EF627057E5A002B8056 /* AppView.swift in Sources */ = {isa = PBXBuildFile; fileRef = 803A3EF527057E5A002B8056 /* AppView.swift */; };
		8047CD5A270739CA00F1179C /* HeaderModel.swift in Sources */ = {isa = PBXBuildFile; fileRef = 8047CD59270739CA00F1179C /* HeaderModel.swift */; };
		8047CD5C27073A3300F1179C /* HeaderData.swift in Sources */ = {isa = PBXBuildFile; fileRef = 8047CD5B27073A3300F1179C /* HeaderData.swift */; };
		805E71862706F2C200D25D90 /* HeaderView.swift in Sources */ = {isa = PBXBuildFile; fileRef = 805E71852706F2C200D25D90 /* HeaderView.swift */; };
		807DB6DC27196A83009D2934 /* RecipeRatingView.swift in Sources */ = {isa = PBXBuildFile; fileRef = 807DB6DB27196A83009D2934 /* RecipeRatingView.swift */; };
		807DB6DE27196B86009D2934 /* RecipeCookingView.swift in Sources */ = {isa = PBXBuildFile; fileRef = 807DB6DD27196B85009D2934 /* RecipeCookingView.swift */; };
		807DB6E027196C8B009D2934 /* RecipeDetailView.swift in Sources */ = {isa = PBXBuildFile; fileRef = 807DB6DF27196C8B009D2934 /* RecipeDetailView.swift */; };
		80A866D9270496DE00552F8B /* AvocadosSwiftUIApp.swift in Sources */ = {isa = PBXBuildFile; fileRef = 80A866D8270496DE00552F8B /* AvocadosSwiftUIApp.swift */; };
		80A866DB270496DE00552F8B /* ContentView.swift in Sources */ = {isa = PBXBuildFile; fileRef = 80A866DA270496DE00552F8B /* ContentView.swift */; };
		80A866DD270496E200552F8B /* Assets.xcassets in Resources */ = {isa = PBXBuildFile; fileRef = 80A866DC270496E200552F8B /* Assets.xcassets */; };
		80A866E0270496E200552F8B /* Preview Assets.xcassets in Resources */ = {isa = PBXBuildFile; fileRef = 80A866DF270496E200552F8B /* Preview Assets.xcassets */; };
		80A866E72704A13500552F8B /* LaunchScreen.storyboard in Resources */ = {isa = PBXBuildFile; fileRef = 80A866E62704A13500552F8B /* LaunchScreen.storyboard */; };
/* End PBXBuildFile section */

/* Begin PBXFileReference section */
		802F0BFD27182F3A006D8377 /* FactsView.swift */ = {isa = PBXFileReference; lastKnownFileType = sourcecode.swift; path = FactsView.swift; sourceTree = "<group>"; };
		802F0BFF27184D41006D8377 /* FactModel.swift */ = {isa = PBXFileReference; lastKnownFileType = sourcecode.swift; path = FactModel.swift; sourceTree = "<group>"; };
		802F0C0127184DEF006D8377 /* FactData.swift */ = {isa = PBXFileReference; lastKnownFileType = sourcecode.swift; path = FactData.swift; sourceTree = "<group>"; };
		802F0C032718618E006D8377 /* RecipeModel.swift */ = {isa = PBXFileReference; lastKnownFileType = sourcecode.swift; path = RecipeModel.swift; sourceTree = "<group>"; };
		802F0C0527186237006D8377 /* RecipeData.swift */ = {isa = PBXFileReference; lastKnownFileType = sourcecode.swift; path = RecipeData.swift; sourceTree = "<group>"; };
		802F0C07271862AF006D8377 /* RecipeCardView.swift */ = {isa = PBXFileReference; lastKnownFileType = sourcecode.swift; path = RecipeCardView.swift; sourceTree = "<group>"; };
		803699D5271813C5007625C6 /* DishesView.swift */ = {isa = PBXFileReference; lastKnownFileType = sourcecode.swift; path = DishesView.swift; sourceTree = "<group>"; };
		803A3EEF27057DD1002B8056 /* AvocadosView.swift */ = {isa = PBXFileReference; lastKnownFileType = sourcecode.swift; path = AvocadosView.swift; sourceTree = "<group>"; };
		803A3EF127057E00002B8056 /* RipeningStagesView.swift */ = {isa = PBXFileReference; lastKnownFileType = sourcecode.swift; path = RipeningStagesView.swift; sourceTree = "<group>"; };
		803A3EF327057E28002B8056 /* SettingsView.swift */ = {isa = PBXFileReference; lastKnownFileType = sourcecode.swift; path = SettingsView.swift; sourceTree = "<group>"; };
		803A3EF527057E5A002B8056 /* AppView.swift */ = {isa = PBXFileReference; lastKnownFileType = sourcecode.swift; path = AppView.swift; sourceTree = "<group>"; };
		8047CD59270739CA00F1179C /* HeaderModel.swift */ = {isa = PBXFileReference; lastKnownFileType = sourcecode.swift; path = HeaderModel.swift; sourceTree = "<group>"; };
		8047CD5B27073A3300F1179C /* HeaderData.swift */ = {isa = PBXFileReference; lastKnownFileType = sourcecode.swift; path = HeaderData.swift; sourceTree = "<group>"; };
		805E71852706F2C200D25D90 /* HeaderView.swift */ = {isa = PBXFileReference; lastKnownFileType = sourcecode.swift; path = HeaderView.swift; sourceTree = "<group>"; };
		807DB6DB27196A83009D2934 /* RecipeRatingView.swift */ = {isa = PBXFileReference; lastKnownFileType = sourcecode.swift; path = RecipeRatingView.swift; sourceTree = "<group>"; };
		807DB6DD27196B85009D2934 /* RecipeCookingView.swift */ = {isa = PBXFileReference; lastKnownFileType = sourcecode.swift; path = RecipeCookingView.swift; sourceTree = "<group>"; };
		807DB6DF27196C8B009D2934 /* RecipeDetailView.swift */ = {isa = PBXFileReference; lastKnownFileType = sourcecode.swift; path = RecipeDetailView.swift; sourceTree = "<group>"; };
		80A866D5270496DE00552F8B /* AvocadosSwiftUI.app */ = {isa = PBXFileReference; explicitFileType = wrapper.application; includeInIndex = 0; path = AvocadosSwiftUI.app; sourceTree = BUILT_PRODUCTS_DIR; };
		80A866D8270496DE00552F8B /* AvocadosSwiftUIApp.swift */ = {isa = PBXFileReference; lastKnownFileType = sourcecode.swift; path = AvocadosSwiftUIApp.swift; sourceTree = "<group>"; };
		80A866DA270496DE00552F8B /* ContentView.swift */ = {isa = PBXFileReference; lastKnownFileType = sourcecode.swift; path = ContentView.swift; sourceTree = "<group>"; };
		80A866DC270496E200552F8B /* Assets.xcassets */ = {isa = PBXFileReference; lastKnownFileType = folder.assetcatalog; path = Assets.xcassets; sourceTree = "<group>"; };
		80A866DF270496E200552F8B /* Preview Assets.xcassets */ = {isa = PBXFileReference; lastKnownFileType = folder.assetcatalog; path = "Preview Assets.xcassets"; sourceTree = "<group>"; };
		80A866E62704A13500552F8B /* LaunchScreen.storyboard */ = {isa = PBXFileReference; lastKnownFileType = file.storyboard; path = LaunchScreen.storyboard; sourceTree = "<group>"; };
/* End PBXFileReference section */

/* Begin PBXFrameworksBuildPhase section */
		80A866D2270496DE00552F8B /* Frameworks */ = {
			isa = PBXFrameworksBuildPhase;
			buildActionMask = 2147483647;
			files = (
			);
			runOnlyForDeploymentPostprocessing = 0;
		};
/* End PBXFrameworksBuildPhase section */

/* Begin PBXGroup section */
		803A3EEC27057D0A002B8056 /* Data */ = {
			isa = PBXGroup;
			children = (
				8047CD5B27073A3300F1179C /* HeaderData.swift */,
				802F0C0127184DEF006D8377 /* FactData.swift */,
				802F0C0527186237006D8377 /* RecipeData.swift */,
			);
			path = Data;
			sourceTree = "<group>";
		};
		803A3EED27057D10002B8056 /* Model */ = {
			isa = PBXGroup;
			children = (
				8047CD59270739CA00F1179C /* HeaderModel.swift */,
				802F0BFF27184D41006D8377 /* FactModel.swift */,
				802F0C032718618E006D8377 /* RecipeModel.swift */,
			);
			path = Model;
			sourceTree = "<group>";
		};
		803A3EEE27057D15002B8056 /* View */ = {
			isa = PBXGroup;
			children = (
				80A866DA270496DE00552F8B /* ContentView.swift */,
				803A3EEF27057DD1002B8056 /* AvocadosView.swift */,
				803A3EF127057E00002B8056 /* RipeningStagesView.swift */,
				803A3EF327057E28002B8056 /* SettingsView.swift */,
				803A3EF527057E5A002B8056 /* AppView.swift */,
				805E71852706F2C200D25D90 /* HeaderView.swift */,
				803699D5271813C5007625C6 /* DishesView.swift */,
				802F0BFD27182F3A006D8377 /* FactsView.swift */,
				802F0C07271862AF006D8377 /* RecipeCardView.swift */,
				807DB6DB27196A83009D2934 /* RecipeRatingView.swift */,
				807DB6DD27196B85009D2934 /* RecipeCookingView.swift */,
				807DB6DF27196C8B009D2934 /* RecipeDetailView.swift */,
			);
			path = View;
			sourceTree = "<group>";
		};
		80A866CC270496DE00552F8B = {
			isa = PBXGroup;
			children = (
				80A866E62704A13500552F8B /* LaunchScreen.storyboard */,
				80A866D7270496DE00552F8B /* AvocadosSwiftUI */,
				80A866D6270496DE00552F8B /* Products */,
			);
			sourceTree = "<group>";
		};
		80A866D6270496DE00552F8B /* Products */ = {
			isa = PBXGroup;
			children = (
				80A866D5270496DE00552F8B /* AvocadosSwiftUI.app */,
			);
			name = Products;
			sourceTree = "<group>";
		};
		80A866D7270496DE00552F8B /* AvocadosSwiftUI */ = {
			isa = PBXGroup;
			children = (
				803A3EEE27057D15002B8056 /* View */,
				803A3EED27057D10002B8056 /* Model */,
				803A3EEC27057D0A002B8056 /* Data */,
				80A866D8270496DE00552F8B /* AvocadosSwiftUIApp.swift */,
				80A866DC270496E200552F8B /* Assets.xcassets */,
				80A866DE270496E200552F8B /* Preview Content */,
			);
			path = AvocadosSwiftUI;
			sourceTree = "<group>";
		};
		80A866DE270496E200552F8B /* Preview Content */ = {
			isa = PBXGroup;
			children = (
				80A866DF270496E200552F8B /* Preview Assets.xcassets */,
			);
			path = "Preview Content";
			sourceTree = "<group>";
		};
/* End PBXGroup section */

/* Begin PBXNativeTarget section */
		80A866D4270496DE00552F8B /* AvocadosSwiftUI */ = {
			isa = PBXNativeTarget;
			buildConfigurationList = 80A866E3270496E200552F8B /* Build configuration list for PBXNativeTarget "AvocadosSwiftUI" */;
			buildPhases = (
				80A866D1270496DE00552F8B /* Sources */,
				80A866D2270496DE00552F8B /* Frameworks */,
				80A866D3270496DE00552F8B /* Resources */,
			);
			buildRules = (
			);
			dependencies = (
			);
			name = AvocadosSwiftUI;
			productName = AvocadosSwiftUI;
			productReference = 80A866D5270496DE00552F8B /* AvocadosSwiftUI.app */;
			productType = "com.apple.product-type.application";
		};
/* End PBXNativeTarget section */

/* Begin PBXProject section */
		80A866CD270496DE00552F8B /* Project object */ = {
			isa = PBXProject;
			attributes = {
				BuildIndependentTargetsInParallel = 1;
				LastSwiftUpdateCheck = 1300;
				LastUpgradeCheck = 1300;
				TargetAttributes = {
					80A866D4270496DE00552F8B = {
						CreatedOnToolsVersion = 13.0;
					};
				};
			};
			buildConfigurationList = 80A866D0270496DE00552F8B /* Build configuration list for PBXProject "AvocadosSwiftUI" */;
			compatibilityVersion = "Xcode 13.0";
			developmentRegion = en;
			hasScannedForEncodings = 0;
			knownRegions = (
				en,
				Base,
			);
			mainGroup = 80A866CC270496DE00552F8B;
			productRefGroup = 80A866D6270496DE00552F8B /* Products */;
			projectDirPath = "";
			projectRoot = "";
			targets = (
				80A866D4270496DE00552F8B /* AvocadosSwiftUI */,
			);
		};
/* End PBXProject section */

/* Begin PBXResourcesBuildPhase section */
		80A866D3270496DE00552F8B /* Resources */ = {
			isa = PBXResourcesBuildPhase;
			buildActionMask = 2147483647;
			files = (
				80A866E72704A13500552F8B /* LaunchScreen.storyboard in Resources */,
				80A866E0270496E200552F8B /* Preview Assets.xcassets in Resources */,
				80A866DD270496E200552F8B /* Assets.xcassets in Resources */,
			);
			runOnlyForDeploymentPostprocessing = 0;
		};
/* End PBXResourcesBuildPhase section */

/* Begin PBXSourcesBuildPhase section */
		80A866D1270496DE00552F8B /* Sources */ = {
			isa = PBXSourcesBuildPhase;
			buildActionMask = 2147483647;
			files = (
				803A3EF427057E28002B8056 /* SettingsView.swift in Sources */,
				807DB6DC27196A83009D2934 /* RecipeRatingView.swift in Sources */,
				80A866DB270496DE00552F8B /* ContentView.swift in Sources */,
				803A3EF627057E5A002B8056 /* AppView.swift in Sources */,
				803A3EF227057E00002B8056 /* RipeningStagesView.swift in Sources */,
				80A866D9270496DE00552F8B /* AvocadosSwiftUIApp.swift in Sources */,
				803A3EF027057DD1002B8056 /* AvocadosView.swift in Sources */,
				8047CD5A270739CA00F1179C /* HeaderModel.swift in Sources */,
				802F0C042718618E006D8377 /* RecipeModel.swift in Sources */,
				8047CD5C27073A3300F1179C /* HeaderData.swift in Sources */,
				803699D6271813C5007625C6 /* DishesView.swift in Sources */,
				807DB6DE27196B86009D2934 /* RecipeCookingView.swift in Sources */,
				802F0C0027184D41006D8377 /* FactModel.swift in Sources */,
				802F0BFE27182F3A006D8377 /* FactsView.swift in Sources */,
				802F0C08271862AF006D8377 /* RecipeCardView.swift in Sources */,
				802F0C0627186237006D8377 /* RecipeData.swift in Sources */,
				805E71862706F2C200D25D90 /* HeaderView.swift in Sources */,
				807DB6E027196C8B009D2934 /* RecipeDetailView.swift in Sources */,
				802F0C0227184DEF006D8377 /* FactData.swift in Sources */,
			);
			runOnlyForDeploymentPostprocessing = 0;
		};
/* End PBXSourcesBuildPhase section */

/* Begin XCBuildConfiguration section */
		80A866E1270496E200552F8B /* Debug */ = {
			isa = XCBuildConfiguration;
			buildSettings = {
				ALWAYS_SEARCH_USER_PATHS = NO;
				CLANG_ANALYZER_NONNULL = YES;
				CLANG_ANALYZER_NUMBER_OBJECT_CONVERSION = YES_AGGRESSIVE;
				CLANG_CXX_LANGUAGE_STANDARD = "gnu++17";
				CLANG_CXX_LIBRARY = "libc++";
				CLANG_ENABLE_MODULES = YES;
				CLANG_ENABLE_OBJC_ARC = YES;
				CLANG_ENABLE_OBJC_WEAK = YES;
				CLANG_WARN_BLOCK_CAPTURE_AUTORELEASING = YES;
				CLANG_WARN_BOOL_CONVERSION = YES;
				CLANG_WARN_COMMA = YES;
				CLANG_WARN_CONSTANT_CONVERSION = YES;
				CLANG_WARN_DEPRECATED_OBJC_IMPLEMENTATIONS = YES;
				CLANG_WARN_DIRECT_OBJC_ISA_USAGE = YES_ERROR;
				CLANG_WARN_DOCUMENTATION_COMMENTS = YES;
				CLANG_WARN_EMPTY_BODY = YES;
				CLANG_WARN_ENUM_CONVERSION = YES;
				CLANG_WARN_INFINITE_RECURSION = YES;
				CLANG_WARN_INT_CONVERSION = YES;
				CLANG_WARN_NON_LITERAL_NULL_CONVERSION = YES;
				CLANG_WARN_OBJC_IMPLICIT_RETAIN_SELF = YES;
				CLANG_WARN_OBJC_LITERAL_CONVERSION = YES;
				CLANG_WARN_OBJC_ROOT_CLASS = YES_ERROR;
				CLANG_WARN_QUOTED_INCLUDE_IN_FRAMEWORK_HEADER = YES;
				CLANG_WARN_RANGE_LOOP_ANALYSIS = YES;
				CLANG_WARN_STRICT_PROTOTYPES = YES;
				CLANG_WARN_SUSPICIOUS_MOVE = YES;
				CLANG_WARN_UNGUARDED_AVAILABILITY = YES_AGGRESSIVE;
				CLANG_WARN_UNREACHABLE_CODE = YES;
				CLANG_WARN__DUPLICATE_METHOD_MATCH = YES;
				COPY_PHASE_STRIP = NO;
				DEBUG_INFORMATION_FORMAT = dwarf;
				ENABLE_STRICT_OBJC_MSGSEND = YES;
				ENABLE_TESTABILITY = YES;
				GCC_C_LANGUAGE_STANDARD = gnu11;
				GCC_DYNAMIC_NO_PIC = NO;
				GCC_NO_COMMON_BLOCKS = YES;
				GCC_OPTIMIZATION_LEVEL = 0;
				GCC_PREPROCESSOR_DEFINITIONS = (
					"DEBUG=1",
					"$(inherited)",
				);
				GCC_WARN_64_TO_32_BIT_CONVERSION = YES;
				GCC_WARN_ABOUT_RETURN_TYPE = YES_ERROR;
				GCC_WARN_UNDECLARED_SELECTOR = YES;
				GCC_WARN_UNINITIALIZED_AUTOS = YES_AGGRESSIVE;
				GCC_WARN_UNUSED_FUNCTION = YES;
				GCC_WARN_UNUSED_VARIABLE = YES;
				IPHONEOS_DEPLOYMENT_TARGET = 15.0;
				MTL_ENABLE_DEBUG_INFO = INCLUDE_SOURCE;
				MTL_FAST_MATH = YES;
				ONLY_ACTIVE_ARCH = YES;
				SDKROOT = iphoneos;
				SWIFT_ACTIVE_COMPILATION_CONDITIONS = DEBUG;
				SWIFT_OPTIMIZATION_LEVEL = "-Onone";
			};
			name = Debug;
		};
		80A866E2270496E200552F8B /* Release */ = {
			isa = XCBuildConfiguration;
			buildSettings = {
				ALWAYS_SEARCH_USER_PATHS = NO;
				CLANG_ANALYZER_NONNULL = YES;
				CLANG_ANALYZER_NUMBER_OBJECT_CONVERSION = YES_AGGRESSIVE;
				CLANG_CXX_LANGUAGE_STANDARD = "gnu++17";
				CLANG_CXX_LIBRARY = "libc++";
				CLANG_ENABLE_MODULES = YES;
				CLANG_ENABLE_OBJC_ARC = YES;
				CLANG_ENABLE_OBJC_WEAK = YES;
				CLANG_WARN_BLOCK_CAPTURE_AUTORELEASING = YES;
				CLANG_WARN_BOOL_CONVERSION = YES;
				CLANG_WARN_COMMA = YES;
				CLANG_WARN_CONSTANT_CONVERSION = YES;
				CLANG_WARN_DEPRECATED_OBJC_IMPLEMENTATIONS = YES;
				CLANG_WARN_DIRECT_OBJC_ISA_USAGE = YES_ERROR;
				CLANG_WARN_DOCUMENTATION_COMMENTS = YES;
				CLANG_WARN_EMPTY_BODY = YES;
				CLANG_WARN_ENUM_CONVERSION = YES;
				CLANG_WARN_INFINITE_RECURSION = YES;
				CLANG_WARN_INT_CONVERSION = YES;
				CLANG_WARN_NON_LITERAL_NULL_CONVERSION = YES;
				CLANG_WARN_OBJC_IMPLICIT_RETAIN_SELF = YES;
				CLANG_WARN_OBJC_LITERAL_CONVERSION = YES;
				CLANG_WARN_OBJC_ROOT_CLASS = YES_ERROR;
				CLANG_WARN_QUOTED_INCLUDE_IN_FRAMEWORK_HEADER = YES;
				CLANG_WARN_RANGE_LOOP_ANALYSIS = YES;
				CLANG_WARN_STRICT_PROTOTYPES = YES;
				CLANG_WARN_SUSPICIOUS_MOVE = YES;
				CLANG_WARN_UNGUARDED_AVAILABILITY = YES_AGGRESSIVE;
				CLANG_WARN_UNREACHABLE_CODE = YES;
				CLANG_WARN__DUPLICATE_METHOD_MATCH = YES;
				COPY_PHASE_STRIP = NO;
				DEBUG_INFORMATION_FORMAT = "dwarf-with-dsym";
				ENABLE_NS_ASSERTIONS = NO;
				ENABLE_STRICT_OBJC_MSGSEND = YES;
				GCC_C_LANGUAGE_STANDARD = gnu11;
				GCC_NO_COMMON_BLOCKS = YES;
				GCC_WARN_64_TO_32_BIT_CONVERSION = YES;
				GCC_WARN_ABOUT_RETURN_TYPE = YES_ERROR;
				GCC_WARN_UNDECLARED_SELECTOR = YES;
				GCC_WARN_UNINITIALIZED_AUTOS = YES_AGGRESSIVE;
				GCC_WARN_UNUSED_FUNCTION = YES;
				GCC_WARN_UNUSED_VARIABLE = YES;
				IPHONEOS_DEPLOYMENT_TARGET = 15.0;
				MTL_ENABLE_DEBUG_INFO = NO;
				MTL_FAST_MATH = YES;
				SDKROOT = iphoneos;
				SWIFT_COMPILATION_MODE = wholemodule;
				SWIFT_OPTIMIZATION_LEVEL = "-O";
				VALIDATE_PRODUCT = YES;
			};
			name = Release;
		};
		80A866E4270496E200552F8B /* Debug */ = {
			isa = XCBuildConfiguration;
			buildSettings = {
				ASSETCATALOG_COMPILER_APPICON_NAME = AppIcon;
				ASSETCATALOG_COMPILER_GLOBAL_ACCENT_COLOR_NAME = AccentColor;
				CODE_SIGN_STYLE = Automatic;
				CURRENT_PROJECT_VERSION = 1;
				DEVELOPMENT_ASSET_PATHS = "\"AvocadosSwiftUI/Preview Content\"";
				DEVELOPMENT_TEAM = 523HB6N9Q8;
				ENABLE_PREVIEWS = YES;
				GENERATE_INFOPLIST_FILE = YES;
				INFOPLIST_KEY_UIApplicationSceneManifest_Generation = YES;
				INFOPLIST_KEY_UIApplicationSupportsIndirectInputEvents = YES;
				INFOPLIST_KEY_UILaunchScreen_Generation = YES;
				INFOPLIST_KEY_UILaunchStoryboardName = LaunchScreen;
				INFOPLIST_KEY_UISupportedInterfaceOrientations_iPad = "UIInterfaceOrientationPortrait UIInterfaceOrientationPortraitUpsideDown UIInterfaceOrientationLandscapeLeft UIInterfaceOrientationLandscapeRight";
				INFOPLIST_KEY_UISupportedInterfaceOrientations_iPhone = "UIInterfaceOrientationPortrait UIInterfaceOrientationLandscapeLeft UIInterfaceOrientationLandscapeRight";
				IPHONEOS_DEPLOYMENT_TARGET = 14.0;
				LD_RUNPATH_SEARCH_PATHS = (
					"$(inherited)",
					"@executable_path/Frameworks",
				);
				MARKETING_VERSION = 1.0;
				PRODUCT_BUNDLE_IDENTIFIER = com.helderbergswiftdevclub.AvocadosSwiftUI;
				PRODUCT_NAME = "$(TARGET_NAME)";
				SWIFT_EMIT_LOC_STRINGS = YES;
				SWIFT_VERSION = 5.0;
				TARGETED_DEVICE_FAMILY = "1,2";
			};
			name = Debug;
		};
		80A866E5270496E200552F8B /* Release */ = {
			isa = XCBuildConfiguration;
			buildSettings = {
				ASSETCATALOG_COMPILER_APPICON_NAME = AppIcon;
				ASSETCATALOG_COMPILER_GLOBAL_ACCENT_COLOR_NAME = AccentColor;
				CODE_SIGN_STYLE = Automatic;
				CURRENT_PROJECT_VERSION = 1;
				DEVELOPMENT_ASSET_PATHS = "\"AvocadosSwiftUI/Preview Content\"";
				DEVELOPMENT_TEAM = 523HB6N9Q8;
				ENABLE_PREVIEWS = YES;
				GENERATE_INFOPLIST_FILE = YES;
				INFOPLIST_KEY_UIApplicationSceneManifest_Generation = YES;
				INFOPLIST_KEY_UIApplicationSupportsIndirectInputEvents = YES;
				INFOPLIST_KEY_UILaunchScreen_Generation = YES;
				INFOPLIST_KEY_UILaunchStoryboardName = LaunchScreen;
				INFOPLIST_KEY_UISupportedInterfaceOrientations_iPad = "UIInterfaceOrientationPortrait UIInterfaceOrientationPortraitUpsideDown UIInterfaceOrientationLandscapeLeft UIInterfaceOrientationLandscapeRight";
				INFOPLIST_KEY_UISupportedInterfaceOrientations_iPhone = "UIInterfaceOrientationPortrait UIInterfaceOrientationLandscapeLeft UIInterfaceOrientationLandscapeRight";
				IPHONEOS_DEPLOYMENT_TARGET = 14.0;
				LD_RUNPATH_SEARCH_PATHS = (
					"$(inherited)",
					"@executable_path/Frameworks",
				);
				MARKETING_VERSION = 1.0;
				PRODUCT_BUNDLE_IDENTIFIER = com.helderbergswiftdevclub.AvocadosSwiftUI;
				PRODUCT_NAME = "$(TARGET_NAME)";
				SWIFT_EMIT_LOC_STRINGS = YES;
				SWIFT_VERSION = 5.0;
				TARGETED_DEVICE_FAMILY = "1,2";
			};
			name = Release;
		};
/* End XCBuildConfiguration section */

/* Begin XCConfigurationList section */
		80A866D0270496DE00552F8B /* Build configuration list for PBXProject "AvocadosSwiftUI" */ = {
			isa = XCConfigurationList;
			buildConfigurations = (
				80A866E1270496E200552F8B /* Debug */,
				80A866E2270496E200552F8B /* Release */,
			);
			defaultConfigurationIsVisible = 0;
			defaultConfigurationName = Release;
		};
		80A866E3270496E200552F8B /* Build configuration list for PBXNativeTarget "AvocadosSwiftUI" */ = {
			isa = XCConfigurationList;
			buildConfigurations = (
				80A866E4270496E200552F8B /* Debug */,
				80A866E5270496E200552F8B /* Release */,
			);
			defaultConfigurationIsVisible = 0;
			defaultConfigurationName = Release;
		};
/* End XCConfigurationList section */
	};
	rootObject = 80A866CD270496DE00552F8B /* Project object */;
}
